// !$*UTF8*$!
{
	archiveVersion = 1;
	classes = {
	};
	objectVersion = 52;
	objects = {

/* Begin PBXBuildFile section */
		0B6E6974B83BD867260800BC /* Pods_Flix.framework in Frameworks */ = {isa = PBXBuildFile; fileRef = 15988C3E3D5022C6778CE1B8 /* Pods_Flix.framework */; };
		3B07B43B2798C5D800DC6331 /* AppDelegate.swift in Sources */ = {isa = PBXBuildFile; fileRef = 3B07B43A2798C5D800DC6331 /* AppDelegate.swift */; };
		3B07B43D2798C5D800DC6331 /* SceneDelegate.swift in Sources */ = {isa = PBXBuildFile; fileRef = 3B07B43C2798C5D800DC6331 /* SceneDelegate.swift */; };
		3B07B43F2798C5D800DC6331 /* ViewController.swift in Sources */ = {isa = PBXBuildFile; fileRef = 3B07B43E2798C5D800DC6331 /* ViewController.swift */; };
		3B07B4422798C5D900DC6331 /* Main.storyboard in Resources */ = {isa = PBXBuildFile; fileRef = 3B07B4402798C5D900DC6331 /* Main.storyboard */; };
		3B07B4442798C5DB00DC6331 /* Assets.xcassets in Resources */ = {isa = PBXBuildFile; fileRef = 3B07B4432798C5DB00DC6331 /* Assets.xcassets */; };
		3B07B4472798C5DB00DC6331 /* LaunchScreen.storyboard in Resources */ = {isa = PBXBuildFile; fileRef = 3B07B4452798C5DB00DC6331 /* LaunchScreen.storyboard */; };
		3B07B4522798C5DB00DC6331 /* FlixTests.swift in Sources */ = {isa = PBXBuildFile; fileRef = 3B07B4512798C5DB00DC6331 /* FlixTests.swift */; };
		3B07B45D2798C5DB00DC6331 /* FlixUITests.swift in Sources */ = {isa = PBXBuildFile; fileRef = 3B07B45C2798C5DB00DC6331 /* FlixUITests.swift */; };
		3B366F26279A1D30007C3F5E /* TableViewCell.swift in Sources */ = {isa = PBXBuildFile; fileRef = 3B366F25279A1D2F007C3F5E /* TableViewCell.swift */; };
		3B366F29279A2152007C3F5E /* AlamofireImage in Frameworks */ = {isa = PBXBuildFile; productRef = 3B366F28279A2152007C3F5E /* AlamofireImage */; };
		3B73930E27A088E600EA3178 /* MovieGridViewController.swift in Sources */ = {isa = PBXBuildFile; fileRef = 3B73930D27A088E600EA3178 /* MovieGridViewController.swift */; };
		3B73931027A0900E00EA3178 /* MovieGridCell.swift in Sources */ = {isa = PBXBuildFile; fileRef = 3B73930F27A0900E00EA3178 /* MovieGridCell.swift */; };
		3BCF43C3279F5ED4006E9F2F /* MovieDetailViewController.swift in Sources */ = {isa = PBXBuildFile; fileRef = 3BCF43C2279F5ED4006E9F2F /* MovieDetailViewController.swift */; };
		8F963463AB5D24DD24583D44 /* Pods_FlixTests.framework in Frameworks */ = {isa = PBXBuildFile; fileRef = 79B9A30B1F87629BC12A6134 /* Pods_FlixTests.framework */; };
		8FD9C19FE8370A97DB4160F5 /* Pods_Flix_FlixUITests.framework in Frameworks */ = {isa = PBXBuildFile; fileRef = 675DD1111302CC7990E8F146 /* Pods_Flix_FlixUITests.framework */; };
/* End PBXBuildFile section */

/* Begin PBXContainerItemProxy section */
		3B07B44E2798C5DB00DC6331 /* PBXContainerItemProxy */ = {
			isa = PBXContainerItemProxy;
			containerPortal = 3B07B42F2798C5D800DC6331 /* Project object */;
			proxyType = 1;
			remoteGlobalIDString = 3B07B4362798C5D800DC6331;
			remoteInfo = Flix;
		};
		3B07B4592798C5DB00DC6331 /* PBXContainerItemProxy */ = {
			isa = PBXContainerItemProxy;
			containerPortal = 3B07B42F2798C5D800DC6331 /* Project object */;
			proxyType = 1;
			remoteGlobalIDString = 3B07B4362798C5D800DC6331;
			remoteInfo = Flix;
		};
/* End PBXContainerItemProxy section */

/* Begin PBXFileReference section */
		06190CD5E03879BDAA4CA02D /* Pods-FlixTests.release.xcconfig */ = {isa = PBXFileReference; includeInIndex = 1; lastKnownFileType = text.xcconfig; name = "Pods-FlixTests.release.xcconfig"; path = "Target Support Files/Pods-FlixTests/Pods-FlixTests.release.xcconfig"; sourceTree = "<group>"; };
		0C614A4BF59A009A1387633B /* Pods-Flix.release.xcconfig */ = {isa = PBXFileReference; includeInIndex = 1; lastKnownFileType = text.xcconfig; name = "Pods-Flix.release.xcconfig"; path = "Target Support Files/Pods-Flix/Pods-Flix.release.xcconfig"; sourceTree = "<group>"; };
		15988C3E3D5022C6778CE1B8 /* Pods_Flix.framework */ = {isa = PBXFileReference; explicitFileType = wrapper.framework; includeInIndex = 0; path = Pods_Flix.framework; sourceTree = BUILT_PRODUCTS_DIR; };
		3B07B4372798C5D800DC6331 /* Flix.app */ = {isa = PBXFileReference; explicitFileType = wrapper.application; includeInIndex = 0; path = Flix.app; sourceTree = BUILT_PRODUCTS_DIR; };
		3B07B43A2798C5D800DC6331 /* AppDelegate.swift */ = {isa = PBXFileReference; lastKnownFileType = sourcecode.swift; path = AppDelegate.swift; sourceTree = "<group>"; };
		3B07B43C2798C5D800DC6331 /* SceneDelegate.swift */ = {isa = PBXFileReference; lastKnownFileType = sourcecode.swift; path = SceneDelegate.swift; sourceTree = "<group>"; };
		3B07B43E2798C5D800DC6331 /* ViewController.swift */ = {isa = PBXFileReference; lastKnownFileType = sourcecode.swift; path = ViewController.swift; sourceTree = "<group>"; };
		3B07B4412798C5D900DC6331 /* Base */ = {isa = PBXFileReference; lastKnownFileType = file.storyboard; name = Base; path = Base.lproj/Main.storyboard; sourceTree = "<group>"; };
		3B07B4432798C5DB00DC6331 /* Assets.xcassets */ = {isa = PBXFileReference; lastKnownFileType = folder.assetcatalog; path = Assets.xcassets; sourceTree = "<group>"; };
		3B07B4462798C5DB00DC6331 /* Base */ = {isa = PBXFileReference; lastKnownFileType = file.storyboard; name = Base; path = Base.lproj/LaunchScreen.storyboard; sourceTree = "<group>"; };
		3B07B4482798C5DB00DC6331 /* Info.plist */ = {isa = PBXFileReference; lastKnownFileType = text.plist.xml; path = Info.plist; sourceTree = "<group>"; };
		3B07B44D2798C5DB00DC6331 /* FlixTests.xctest */ = {isa = PBXFileReference; explicitFileType = wrapper.cfbundle; includeInIndex = 0; path = FlixTests.xctest; sourceTree = BUILT_PRODUCTS_DIR; };
		3B07B4512798C5DB00DC6331 /* FlixTests.swift */ = {isa = PBXFileReference; lastKnownFileType = sourcecode.swift; path = FlixTests.swift; sourceTree = "<group>"; };
		3B07B4532798C5DB00DC6331 /* Info.plist */ = {isa = PBXFileReference; lastKnownFileType = text.plist.xml; path = Info.plist; sourceTree = "<group>"; };
		3B07B4582798C5DB00DC6331 /* FlixUITests.xctest */ = {isa = PBXFileReference; explicitFileType = wrapper.cfbundle; includeInIndex = 0; path = FlixUITests.xctest; sourceTree = BUILT_PRODUCTS_DIR; };
		3B07B45C2798C5DB00DC6331 /* FlixUITests.swift */ = {isa = PBXFileReference; lastKnownFileType = sourcecode.swift; path = FlixUITests.swift; sourceTree = "<group>"; };
		3B07B45E2798C5DB00DC6331 /* Info.plist */ = {isa = PBXFileReference; lastKnownFileType = text.plist.xml; path = Info.plist; sourceTree = "<group>"; };
		3B366F25279A1D2F007C3F5E /* TableViewCell.swift */ = {isa = PBXFileReference; lastKnownFileType = sourcecode.swift; path = TableViewCell.swift; sourceTree = "<group>"; };
		3B73930D27A088E600EA3178 /* MovieGridViewController.swift */ = {isa = PBXFileReference; lastKnownFileType = sourcecode.swift; path = MovieGridViewController.swift; sourceTree = "<group>"; };
		3B73930F27A0900E00EA3178 /* MovieGridCell.swift */ = {isa = PBXFileReference; lastKnownFileType = sourcecode.swift; path = MovieGridCell.swift; sourceTree = "<group>"; };
		3BCF43C2279F5ED4006E9F2F /* MovieDetailViewController.swift */ = {isa = PBXFileReference; lastKnownFileType = sourcecode.swift; path = MovieDetailViewController.swift; sourceTree = "<group>"; };
		4BE6772B6EEAF75E199A8334 /* Pods-Flix-FlixUITests.release.xcconfig */ = {isa = PBXFileReference; includeInIndex = 1; lastKnownFileType = text.xcconfig; name = "Pods-Flix-FlixUITests.release.xcconfig"; path = "Target Support Files/Pods-Flix-FlixUITests/Pods-Flix-FlixUITests.release.xcconfig"; sourceTree = "<group>"; };
		64556B3C3B038949AD53D9FC /* Pods-Flix-FlixUITests.debug.xcconfig */ = {isa = PBXFileReference; includeInIndex = 1; lastKnownFileType = text.xcconfig; name = "Pods-Flix-FlixUITests.debug.xcconfig"; path = "Target Support Files/Pods-Flix-FlixUITests/Pods-Flix-FlixUITests.debug.xcconfig"; sourceTree = "<group>"; };
		675DD1111302CC7990E8F146 /* Pods_Flix_FlixUITests.framework */ = {isa = PBXFileReference; explicitFileType = wrapper.framework; includeInIndex = 0; path = Pods_Flix_FlixUITests.framework; sourceTree = BUILT_PRODUCTS_DIR; };
		79B9A30B1F87629BC12A6134 /* Pods_FlixTests.framework */ = {isa = PBXFileReference; explicitFileType = wrapper.framework; includeInIndex = 0; path = Pods_FlixTests.framework; sourceTree = BUILT_PRODUCTS_DIR; };
		9505A5CAA6D5CDFA0CF275B4 /* Pods-FlixTests.debug.xcconfig */ = {isa = PBXFileReference; includeInIndex = 1; lastKnownFileType = text.xcconfig; name = "Pods-FlixTests.debug.xcconfig"; path = "Target Support Files/Pods-FlixTests/Pods-FlixTests.debug.xcconfig"; sourceTree = "<group>"; };
		B8714A8AC24A83590103A778 /* Pods-Flix.debug.xcconfig */ = {isa = PBXFileReference; includeInIndex = 1; lastKnownFileType = text.xcconfig; name = "Pods-Flix.debug.xcconfig"; path = "Target Support Files/Pods-Flix/Pods-Flix.debug.xcconfig"; sourceTree = "<group>"; };
/* End PBXFileReference section */

/* Begin PBXFrameworksBuildPhase section */
		3B07B4342798C5D800DC6331 /* Frameworks */ = {
			isa = PBXFrameworksBuildPhase;
			buildActionMask = 2147483647;
			files = (
				3B366F29279A2152007C3F5E /* AlamofireImage in Frameworks */,
				0B6E6974B83BD867260800BC /* Pods_Flix.framework in Frameworks */,
			);
			runOnlyForDeploymentPostprocessing = 0;
		};
		3B07B44A2798C5DB00DC6331 /* Frameworks */ = {
			isa = PBXFrameworksBuildPhase;
			buildActionMask = 2147483647;
			files = (
				8F963463AB5D24DD24583D44 /* Pods_FlixTests.framework in Frameworks */,
			);
			runOnlyForDeploymentPostprocessing = 0;
		};
		3B07B4552798C5DB00DC6331 /* Frameworks */ = {
			isa = PBXFrameworksBuildPhase;
			buildActionMask = 2147483647;
			files = (
				8FD9C19FE8370A97DB4160F5 /* Pods_Flix_FlixUITests.framework in Frameworks */,
			);
			runOnlyForDeploymentPostprocessing = 0;
		};
/* End PBXFrameworksBuildPhase section */

/* Begin PBXGroup section */
		3B07B42E2798C5D800DC6331 = {
			isa = PBXGroup;
			children = (
				3B07B4392798C5D800DC6331 /* Flix */,
				3B07B4502798C5DB00DC6331 /* FlixTests */,
				3B07B45B2798C5DB00DC6331 /* FlixUITests */,
				3B07B4382798C5D800DC6331 /* Products */,
				F4D1212CE1FF1ECA27201FFE /* Pods */,
				B0CE18D6B7BE79B65AF68A4E /* Frameworks */,
			);
			sourceTree = "<group>";
		};
		3B07B4382798C5D800DC6331 /* Products */ = {
			isa = PBXGroup;
			children = (
				3B07B4372798C5D800DC6331 /* Flix.app */,
				3B07B44D2798C5DB00DC6331 /* FlixTests.xctest */,
				3B07B4582798C5DB00DC6331 /* FlixUITests.xctest */,
			);
			name = Products;
			sourceTree = "<group>";
		};
		3B07B4392798C5D800DC6331 /* Flix */ = {
			isa = PBXGroup;
			children = (
				3B07B43A2798C5D800DC6331 /* AppDelegate.swift */,
				3B07B43C2798C5D800DC6331 /* SceneDelegate.swift */,
				3B07B43E2798C5D800DC6331 /* ViewController.swift */,
				3B07B4402798C5D900DC6331 /* Main.storyboard */,
				3B73930F27A0900E00EA3178 /* MovieGridCell.swift */,
				3B73930D27A088E600EA3178 /* MovieGridViewController.swift */,
				3BCF43C2279F5ED4006E9F2F /* MovieDetailViewController.swift */,
				3B366F25279A1D2F007C3F5E /* TableViewCell.swift */,
				3B07B4432798C5DB00DC6331 /* Assets.xcassets */,
				3B07B4452798C5DB00DC6331 /* LaunchScreen.storyboard */,
				3B07B4482798C5DB00DC6331 /* Info.plist */,
			);
			path = Flix;
			sourceTree = "<group>";
		};
		3B07B4502798C5DB00DC6331 /* FlixTests */ = {
			isa = PBXGroup;
			children = (
				3B07B4512798C5DB00DC6331 /* FlixTests.swift */,
				3B07B4532798C5DB00DC6331 /* Info.plist */,
			);
			path = FlixTests;
			sourceTree = "<group>";
		};
		3B07B45B2798C5DB00DC6331 /* FlixUITests */ = {
			isa = PBXGroup;
			children = (
				3B07B45C2798C5DB00DC6331 /* FlixUITests.swift */,
				3B07B45E2798C5DB00DC6331 /* Info.plist */,
			);
			path = FlixUITests;
			sourceTree = "<group>";
		};
		B0CE18D6B7BE79B65AF68A4E /* Frameworks */ = {
			isa = PBXGroup;
			children = (
				15988C3E3D5022C6778CE1B8 /* Pods_Flix.framework */,
				675DD1111302CC7990E8F146 /* Pods_Flix_FlixUITests.framework */,
				79B9A30B1F87629BC12A6134 /* Pods_FlixTests.framework */,
			);
			name = Frameworks;
			sourceTree = "<group>";
		};
		F4D1212CE1FF1ECA27201FFE /* Pods */ = {
			isa = PBXGroup;
			children = (
				B8714A8AC24A83590103A778 /* Pods-Flix.debug.xcconfig */,
				0C614A4BF59A009A1387633B /* Pods-Flix.release.xcconfig */,
				64556B3C3B038949AD53D9FC /* Pods-Flix-FlixUITests.debug.xcconfig */,
				4BE6772B6EEAF75E199A8334 /* Pods-Flix-FlixUITests.release.xcconfig */,
				9505A5CAA6D5CDFA0CF275B4 /* Pods-FlixTests.debug.xcconfig */,
				06190CD5E03879BDAA4CA02D /* Pods-FlixTests.release.xcconfig */,
			);
			path = Pods;
			sourceTree = "<group>";
		};
/* End PBXGroup section */

/* Begin PBXNativeTarget section */
		3B07B4362798C5D800DC6331 /* Flix */ = {
			isa = PBXNativeTarget;
			buildConfigurationList = 3B07B4612798C5DB00DC6331 /* Build configuration list for PBXNativeTarget "Flix" */;
			buildPhases = (
				792EEA5C418EA58997BED060 /* [CP] Check Pods Manifest.lock */,
				3B07B4332798C5D800DC6331 /* Sources */,
				3B07B4342798C5D800DC6331 /* Frameworks */,
				3B07B4352798C5D800DC6331 /* Resources */,
				1926A4762A8CFC58E3F09956 /* [CP] Embed Pods Frameworks */,
			);
			buildRules = (
			);
			dependencies = (
			);
			name = Flix;
			packageProductDependencies = (
				3B366F28279A2152007C3F5E /* AlamofireImage */,
			);
			productName = Flix;
			productReference = 3B07B4372798C5D800DC6331 /* Flix.app */;
			productType = "com.apple.product-type.application";
		};
		3B07B44C2798C5DB00DC6331 /* FlixTests */ = {
			isa = PBXNativeTarget;
			buildConfigurationList = 3B07B4642798C5DB00DC6331 /* Build configuration list for PBXNativeTarget "FlixTests" */;
			buildPhases = (
				F7426DD895883A9430A92477 /* [CP] Check Pods Manifest.lock */,
				3B07B4492798C5DB00DC6331 /* Sources */,
				3B07B44A2798C5DB00DC6331 /* Frameworks */,
				3B07B44B2798C5DB00DC6331 /* Resources */,
			);
			buildRules = (
			);
			dependencies = (
				3B07B44F2798C5DB00DC6331 /* PBXTargetDependency */,
			);
			name = FlixTests;
			productName = FlixTests;
			productReference = 3B07B44D2798C5DB00DC6331 /* FlixTests.xctest */;
			productType = "com.apple.product-type.bundle.unit-test";
		};
		3B07B4572798C5DB00DC6331 /* FlixUITests */ = {
			isa = PBXNativeTarget;
			buildConfigurationList = 3B07B4672798C5DB00DC6331 /* Build configuration list for PBXNativeTarget "FlixUITests" */;
			buildPhases = (
				BCF7071334834D24368E60F1 /* [CP] Check Pods Manifest.lock */,
				3B07B4542798C5DB00DC6331 /* Sources */,
				3B07B4552798C5DB00DC6331 /* Frameworks */,
				3B07B4562798C5DB00DC6331 /* Resources */,
				AC8D3A9085ECB34E975D2297 /* [CP] Embed Pods Frameworks */,
			);
			buildRules = (
			);
			dependencies = (
				3B07B45A2798C5DB00DC6331 /* PBXTargetDependency */,
			);
			name = FlixUITests;
			productName = FlixUITests;
			productReference = 3B07B4582798C5DB00DC6331 /* FlixUITests.xctest */;
			productType = "com.apple.product-type.bundle.ui-testing";
		};
/* End PBXNativeTarget section */

/* Begin PBXProject section */
		3B07B42F2798C5D800DC6331 /* Project object */ = {
			isa = PBXProject;
			attributes = {
				LastSwiftUpdateCheck = 1250;
				LastUpgradeCheck = 1250;
				TargetAttributes = {
					3B07B4362798C5D800DC6331 = {
						CreatedOnToolsVersion = 12.5.1;
					};
					3B07B44C2798C5DB00DC6331 = {
						CreatedOnToolsVersion = 12.5.1;
						TestTargetID = 3B07B4362798C5D800DC6331;
					};
					3B07B4572798C5DB00DC6331 = {
						CreatedOnToolsVersion = 12.5.1;
						TestTargetID = 3B07B4362798C5D800DC6331;
					};
				};
			};
			buildConfigurationList = 3B07B4322798C5D800DC6331 /* Build configuration list for PBXProject "Flix" */;
			compatibilityVersion = "Xcode 9.3";
			developmentRegion = en;
			hasScannedForEncodings = 0;
			knownRegions = (
				en,
				Base,
			);
			mainGroup = 3B07B42E2798C5D800DC6331;
			packageReferences = (
				3B366F27279A2152007C3F5E /* XCRemoteSwiftPackageReference "AlamofireImage" */,
			);
			productRefGroup = 3B07B4382798C5D800DC6331 /* Products */;
			projectDirPath = "";
			projectRoot = "";
			targets = (
				3B07B4362798C5D800DC6331 /* Flix */,
				3B07B44C2798C5DB00DC6331 /* FlixTests */,
				3B07B4572798C5DB00DC6331 /* FlixUITests */,
			);
		};
/* End PBXProject section */

/* Begin PBXResourcesBuildPhase section */
		3B07B4352798C5D800DC6331 /* Resources */ = {
			isa = PBXResourcesBuildPhase;
			buildActionMask = 2147483647;
			files = (
				3B07B4472798C5DB00DC6331 /* LaunchScreen.storyboard in Resources */,
				3B07B4442798C5DB00DC6331 /* Assets.xcassets in Resources */,
				3B07B4422798C5D900DC6331 /* Main.storyboard in Resources */,
			);
			runOnlyForDeploymentPostprocessing = 0;
		};
		3B07B44B2798C5DB00DC6331 /* Resources */ = {
			isa = PBXResourcesBuildPhase;
			buildActionMask = 2147483647;
			files = (
			);
			runOnlyForDeploymentPostprocessing = 0;
		};
		3B07B4562798C5DB00DC6331 /* Resources */ = {
			isa = PBXResourcesBuildPhase;
			buildActionMask = 2147483647;
			files = (
			);
			runOnlyForDeploymentPostprocessing = 0;
		};
/* End PBXResourcesBuildPhase section */

/* Begin PBXShellScriptBuildPhase section */
		1926A4762A8CFC58E3F09956 /* [CP] Embed Pods Frameworks */ = {
			isa = PBXShellScriptBuildPhase;
			buildActionMask = 2147483647;
			files = (
			);
			inputFileListPaths = (
				"${PODS_ROOT}/Target Support Files/Pods-Flix/Pods-Flix-frameworks-${CONFIGURATION}-input-files.xcfilelist",
			);
			name = "[CP] Embed Pods Frameworks";
			outputFileListPaths = (
				"${PODS_ROOT}/Target Support Files/Pods-Flix/Pods-Flix-frameworks-${CONFIGURATION}-output-files.xcfilelist",
			);
			runOnlyForDeploymentPostprocessing = 0;
			shellPath = /bin/sh;
			shellScript = "\"${PODS_ROOT}/Target Support Files/Pods-Flix/Pods-Flix-frameworks.sh\"\n";
			showEnvVarsInLog = 0;
		};
		792EEA5C418EA58997BED060 /* [CP] Check Pods Manifest.lock */ = {
			isa = PBXShellScriptBuildPhase;
			buildActionMask = 2147483647;
			files = (
			);
			inputFileListPaths = (
			);
			inputPaths = (
				"${PODS_PODFILE_DIR_PATH}/Podfile.lock",
				"${PODS_ROOT}/Manifest.lock",
			);
			name = "[CP] Check Pods Manifest.lock";
			outputFileListPaths = (
			);
			outputPaths = (
				"$(DERIVED_FILE_DIR)/Pods-Flix-checkManifestLockResult.txt",
			);
			runOnlyForDeploymentPostprocessing = 0;
			shellPath = /bin/sh;
			shellScript = "diff \"${PODS_PODFILE_DIR_PATH}/Podfile.lock\" \"${PODS_ROOT}/Manifest.lock\" > /dev/null\nif [ $? != 0 ] ; then\n    # print error to STDERR\n    echo \"error: The sandbox is not in sync with the Podfile.lock. Run 'pod install' or update your CocoaPods installation.\" >&2\n    exit 1\nfi\n# This output is used by Xcode 'outputs' to avoid re-running this script phase.\necho \"SUCCESS\" > \"${SCRIPT_OUTPUT_FILE_0}\"\n";
			showEnvVarsInLog = 0;
		};
		AC8D3A9085ECB34E975D2297 /* [CP] Embed Pods Frameworks */ = {
			isa = PBXShellScriptBuildPhase;
			buildActionMask = 2147483647;
			files = (
			);
			inputFileListPaths = (
				"${PODS_ROOT}/Target Support Files/Pods-Flix-FlixUITests/Pods-Flix-FlixUITests-frameworks-${CONFIGURATION}-input-files.xcfilelist",
			);
			name = "[CP] Embed Pods Frameworks";
			outputFileListPaths = (
				"${PODS_ROOT}/Target Support Files/Pods-Flix-FlixUITests/Pods-Flix-FlixUITests-frameworks-${CONFIGURATION}-output-files.xcfilelist",
			);
			runOnlyForDeploymentPostprocessing = 0;
			shellPath = /bin/sh;
			shellScript = "\"${PODS_ROOT}/Target Support Files/Pods-Flix-FlixUITests/Pods-Flix-FlixUITests-frameworks.sh\"\n";
			showEnvVarsInLog = 0;
		};
		BCF7071334834D24368E60F1 /* [CP] Check Pods Manifest.lock */ = {
			isa = PBXShellScriptBuildPhase;
			buildActionMask = 2147483647;
			files = (
			);
			inputFileListPaths = (
			);
			inputPaths = (
				"${PODS_PODFILE_DIR_PATH}/Podfile.lock",
				"${PODS_ROOT}/Manifest.lock",
			);
			name = "[CP] Check Pods Manifest.lock";
			outputFileListPaths = (
			);
			outputPaths = (
				"$(DERIVED_FILE_DIR)/Pods-Flix-FlixUITests-checkManifestLockResult.txt",
			);
			runOnlyForDeploymentPostprocessing = 0;
			shellPath = /bin/sh;
			shellScript = "diff \"${PODS_PODFILE_DIR_PATH}/Podfile.lock\" \"${PODS_ROOT}/Manifest.lock\" > /dev/null\nif [ $? != 0 ] ; then\n    # print error to STDERR\n    echo \"error: The sandbox is not in sync with the Podfile.lock. Run 'pod install' or update your CocoaPods installation.\" >&2\n    exit 1\nfi\n# This output is used by Xcode 'outputs' to avoid re-running this script phase.\necho \"SUCCESS\" > \"${SCRIPT_OUTPUT_FILE_0}\"\n";
			showEnvVarsInLog = 0;
		};
		F7426DD895883A9430A92477 /* [CP] Check Pods Manifest.lock */ = {
			isa = PBXShellScriptBuildPhase;
			buildActionMask = 2147483647;
			files = (
			);
			inputFileListPaths = (
			);
			inputPaths = (
				"${PODS_PODFILE_DIR_PATH}/Podfile.lock",
				"${PODS_ROOT}/Manifest.lock",
			);
			name = "[CP] Check Pods Manifest.lock";
			outputFileListPaths = (
			);
			outputPaths = (
				"$(DERIVED_FILE_DIR)/Pods-FlixTests-checkManifestLockResult.txt",
			);
			runOnlyForDeploymentPostprocessing = 0;
			shellPath = /bin/sh;
			shellScript = "diff \"${PODS_PODFILE_DIR_PATH}/Podfile.lock\" \"${PODS_ROOT}/Manifest.lock\" > /dev/null\nif [ $? != 0 ] ; then\n    # print error to STDERR\n    echo \"error: The sandbox is not in sync with the Podfile.lock. Run 'pod install' or update your CocoaPods installation.\" >&2\n    exit 1\nfi\n# This output is used by Xcode 'outputs' to avoid re-running this script phase.\necho \"SUCCESS\" > \"${SCRIPT_OUTPUT_FILE_0}\"\n";
			showEnvVarsInLog = 0;
		};
/* End PBXShellScriptBuildPhase section */

/* Begin PBXSourcesBuildPhase section */
		3B07B4332798C5D800DC6331 /* Sources */ = {
			isa = PBXSourcesBuildPhase;
			buildActionMask = 2147483647;
			files = (
				3B07B43F2798C5D800DC6331 /* ViewController.swift in Sources */,
				3BCF43C3279F5ED4006E9F2F /* MovieDetailViewController.swift in Sources */,
				3B366F26279A1D30007C3F5E /* TableViewCell.swift in Sources */,
				3B07B43B2798C5D800DC6331 /* AppDelegate.swift in Sources */,
				3B07B43D2798C5D800DC6331 /* SceneDelegate.swift in Sources */,
				3B73930E27A088E600EA3178 /* MovieGridViewController.swift in Sources */,
				3B73931027A0900E00EA3178 /* MovieGridCell.swift in Sources */,
			);
			runOnlyForDeploymentPostprocessing = 0;
		};
		3B07B4492798C5DB00DC6331 /* Sources */ = {
			isa = PBXSourcesBuildPhase;
			buildActionMask = 2147483647;
			files = (
				3B07B4522798C5DB00DC6331 /* FlixTests.swift in Sources */,
			);
			runOnlyForDeploymentPostprocessing = 0;
		};
		3B07B4542798C5DB00DC6331 /* Sources */ = {
			isa = PBXSourcesBuildPhase;
			buildActionMask = 2147483647;
			files = (
				3B07B45D2798C5DB00DC6331 /* FlixUITests.swift in Sources */,
			);
			runOnlyForDeploymentPostprocessing = 0;
		};
/* End PBXSourcesBuildPhase section */

/* Begin PBXTargetDependency section */
		3B07B44F2798C5DB00DC6331 /* PBXTargetDependency */ = {
			isa = PBXTargetDependency;
			target = 3B07B4362798C5D800DC6331 /* Flix */;
			targetProxy = 3B07B44E2798C5DB00DC6331 /* PBXContainerItemProxy */;
		};
		3B07B45A2798C5DB00DC6331 /* PBXTargetDependency */ = {
			isa = PBXTargetDependency;
			target = 3B07B4362798C5D800DC6331 /* Flix */;
			targetProxy = 3B07B4592798C5DB00DC6331 /* PBXContainerItemProxy */;
		};
/* End PBXTargetDependency section */

/* Begin PBXVariantGroup section */
		3B07B4402798C5D900DC6331 /* Main.storyboard */ = {
			isa = PBXVariantGroup;
			children = (
				3B07B4412798C5D900DC6331 /* Base */,
			);
			name = Main.storyboard;
			sourceTree = "<group>";
		};
		3B07B4452798C5DB00DC6331 /* LaunchScreen.storyboard */ = {
			isa = PBXVariantGroup;
			children = (
				3B07B4462798C5DB00DC6331 /* Base */,
			);
			name = LaunchScreen.storyboard;
			sourceTree = "<group>";
		};
/* End PBXVariantGroup section */

/* Begin XCBuildConfiguration section */
		3B07B45F2798C5DB00DC6331 /* Debug */ = {
			isa = XCBuildConfiguration;
			buildSettings = {
				ALWAYS_SEARCH_USER_PATHS = NO;
				CLANG_ANALYZER_NONNULL = YES;
				CLANG_ANALYZER_NUMBER_OBJECT_CONVERSION = YES_AGGRESSIVE;
				CLANG_CXX_LANGUAGE_STANDARD = "gnu++14";
				CLANG_CXX_LIBRARY = "libc++";
				CLANG_ENABLE_MODULES = YES;
				CLANG_ENABLE_OBJC_ARC = YES;
				CLANG_ENABLE_OBJC_WEAK = YES;
				CLANG_WARN_BLOCK_CAPTURE_AUTORELEASING = YES;
				CLANG_WARN_BOOL_CONVERSION = YES;
				CLANG_WARN_COMMA = YES;
				CLANG_WARN_CONSTANT_CONVERSION = YES;
				CLANG_WARN_DEPRECATED_OBJC_IMPLEMENTATIONS = YES;
				CLANG_WARN_DIRECT_OBJC_ISA_USAGE = YES_ERROR;
				CLANG_WARN_DOCUMENTATION_COMMENTS = YES;
				CLANG_WARN_EMPTY_BODY = YES;
				CLANG_WARN_ENUM_CONVERSION = YES;
				CLANG_WARN_INFINITE_RECURSION = YES;
				CLANG_WARN_INT_CONVERSION = YES;
				CLANG_WARN_NON_LITERAL_NULL_CONVERSION = YES;
				CLANG_WARN_OBJC_IMPLICIT_RETAIN_SELF = YES;
				CLANG_WARN_OBJC_LITERAL_CONVERSION = YES;
				CLANG_WARN_OBJC_ROOT_CLASS = YES_ERROR;
				CLANG_WARN_QUOTED_INCLUDE_IN_FRAMEWORK_HEADER = YES;
				CLANG_WARN_RANGE_LOOP_ANALYSIS = YES;
				CLANG_WARN_STRICT_PROTOTYPES = YES;
				CLANG_WARN_SUSPICIOUS_MOVE = YES;
				CLANG_WARN_UNGUARDED_AVAILABILITY = YES_AGGRESSIVE;
				CLANG_WARN_UNREACHABLE_CODE = YES;
				CLANG_WARN__DUPLICATE_METHOD_MATCH = YES;
				COPY_PHASE_STRIP = NO;
				DEBUG_INFORMATION_FORMAT = dwarf;
				ENABLE_STRICT_OBJC_MSGSEND = YES;
				ENABLE_TESTABILITY = YES;
				GCC_C_LANGUAGE_STANDARD = gnu11;
				GCC_DYNAMIC_NO_PIC = NO;
				GCC_NO_COMMON_BLOCKS = YES;
				GCC_OPTIMIZATION_LEVEL = 0;
				GCC_PREPROCESSOR_DEFINITIONS = (
					"DEBUG=1",
					"$(inherited)",
				);
				GCC_WARN_64_TO_32_BIT_CONVERSION = YES;
				GCC_WARN_ABOUT_RETURN_TYPE = YES_ERROR;
				GCC_WARN_UNDECLARED_SELECTOR = YES;
				GCC_WARN_UNINITIALIZED_AUTOS = YES_AGGRESSIVE;
				GCC_WARN_UNUSED_FUNCTION = YES;
				GCC_WARN_UNUSED_VARIABLE = YES;
				IPHONEOS_DEPLOYMENT_TARGET = 14.5;
				MTL_ENABLE_DEBUG_INFO = INCLUDE_SOURCE;
				MTL_FAST_MATH = YES;
				ONLY_ACTIVE_ARCH = YES;
				SDKROOT = iphoneos;
				SWIFT_ACTIVE_COMPILATION_CONDITIONS = DEBUG;
				SWIFT_OPTIMIZATION_LEVEL = "-Onone";
			};
			name = Debug;
		};
		3B07B4602798C5DB00DC6331 /* Release */ = {
			isa = XCBuildConfiguration;
			buildSettings = {
				ALWAYS_SEARCH_USER_PATHS = NO;
				CLANG_ANALYZER_NONNULL = YES;
				CLANG_ANALYZER_NUMBER_OBJECT_CONVERSION = YES_AGGRESSIVE;
				CLANG_CXX_LANGUAGE_STANDARD = "gnu++14";
				CLANG_CXX_LIBRARY = "libc++";
				CLANG_ENABLE_MODULES = YES;
				CLANG_ENABLE_OBJC_ARC = YES;
				CLANG_ENABLE_OBJC_WEAK = YES;
				CLANG_WARN_BLOCK_CAPTURE_AUTORELEASING = YES;
				CLANG_WARN_BOOL_CONVERSION = YES;
				CLANG_WARN_COMMA = YES;
				CLANG_WARN_CONSTANT_CONVERSION = YES;
				CLANG_WARN_DEPRECATED_OBJC_IMPLEMENTATIONS = YES;
				CLANG_WARN_DIRECT_OBJC_ISA_USAGE = YES_ERROR;
				CLANG_WARN_DOCUMENTATION_COMMENTS = YES;
				CLANG_WARN_EMPTY_BODY = YES;
				CLANG_WARN_ENUM_CONVERSION = YES;
				CLANG_WARN_INFINITE_RECURSION = YES;
				CLANG_WARN_INT_CONVERSION = YES;
				CLANG_WARN_NON_LITERAL_NULL_CONVERSION = YES;
				CLANG_WARN_OBJC_IMPLICIT_RETAIN_SELF = YES;
				CLANG_WARN_OBJC_LITERAL_CONVERSION = YES;
				CLANG_WARN_OBJC_ROOT_CLASS = YES_ERROR;
				CLANG_WARN_QUOTED_INCLUDE_IN_FRAMEWORK_HEADER = YES;
				CLANG_WARN_RANGE_LOOP_ANALYSIS = YES;
				CLANG_WARN_STRICT_PROTOTYPES = YES;
				CLANG_WARN_SUSPICIOUS_MOVE = YES;
				CLANG_WARN_UNGUARDED_AVAILABILITY = YES_AGGRESSIVE;
				CLANG_WARN_UNREACHABLE_CODE = YES;
				CLANG_WARN__DUPLICATE_METHOD_MATCH = YES;
				COPY_PHASE_STRIP = NO;
				DEBUG_INFORMATION_FORMAT = "dwarf-with-dsym";
				ENABLE_NS_ASSERTIONS = NO;
				ENABLE_STRICT_OBJC_MSGSEND = YES;
				GCC_C_LANGUAGE_STANDARD = gnu11;
				GCC_NO_COMMON_BLOCKS = YES;
				GCC_WARN_64_TO_32_BIT_CONVERSION = YES;
				GCC_WARN_ABOUT_RETURN_TYPE = YES_ERROR;
				GCC_WARN_UNDECLARED_SELECTOR = YES;
				GCC_WARN_UNINITIALIZED_AUTOS = YES_AGGRESSIVE;
				GCC_WARN_UNUSED_FUNCTION = YES;
				GCC_WARN_UNUSED_VARIABLE = YES;
				IPHONEOS_DEPLOYMENT_TARGET = 14.5;
				MTL_ENABLE_DEBUG_INFO = NO;
				MTL_FAST_MATH = YES;
				SDKROOT = iphoneos;
				SWIFT_COMPILATION_MODE = wholemodule;
				SWIFT_OPTIMIZATION_LEVEL = "-O";
				VALIDATE_PRODUCT = YES;
			};
			name = Release;
		};
		3B07B4622798C5DB00DC6331 /* Debug */ = {
			isa = XCBuildConfiguration;
			baseConfigurationReference = B8714A8AC24A83590103A778 /* Pods-Flix.debug.xcconfig */;
			buildSettings = {
				ASSETCATALOG_COMPILER_APPICON_NAME = AppIcon;
				ASSETCATALOG_COMPILER_GLOBAL_ACCENT_COLOR_NAME = AccentColor;
				CODE_SIGN_STYLE = Automatic;
				DEVELOPMENT_TEAM = XBM4FSC3D9;
				INFOPLIST_FILE = Flix/Info.plist;
				LD_RUNPATH_SEARCH_PATHS = (
					"$(inherited)",
					"@executable_path/Frameworks",
				);
				PRODUCT_BUNDLE_IDENTIFIER = rohanpurandare.Flix;
				PRODUCT_NAME = "$(TARGET_NAME)";
				SWIFT_VERSION = 5.0;
				TARGETED_DEVICE_FAMILY = "1,2";
			};
			name = Debug;
		};
		3B07B4632798C5DB00DC6331 /* Release */ = {
			isa = XCBuildConfiguration;
			baseConfigurationReference = 0C614A4BF59A009A1387633B /* Pods-Flix.release.xcconfig */;
			buildSettings = {
				ASSETCATALOG_COMPILER_APPICON_NAME = AppIcon;
				ASSETCATALOG_COMPILER_GLOBAL_ACCENT_COLOR_NAME = AccentColor;
				CODE_SIGN_STYLE = Automatic;
				DEVELOPMENT_TEAM = XBM4FSC3D9;
				INFOPLIST_FILE = Flix/Info.plist;
				LD_RUNPATH_SEARCH_PATHS = (
					"$(inherited)",
					"@executable_path/Frameworks",
				);
				PRODUCT_BUNDLE_IDENTIFIER = rohanpurandare.Flix;
				PRODUCT_NAME = "$(TARGET_NAME)";
				SWIFT_VERSION = 5.0;
				TARGETED_DEVICE_FAMILY = "1,2";
			};
			name = Release;
		};
		3B07B4652798C5DB00DC6331 /* Debug */ = {
			isa = XCBuildConfiguration;
			baseConfigurationReference = 9505A5CAA6D5CDFA0CF275B4 /* Pods-FlixTests.debug.xcconfig */;
			buildSettings = {
				ALWAYS_EMBED_SWIFT_STANDARD_LIBRARIES = YES;
				BUNDLE_LOADER = "$(TEST_HOST)";
				CODE_SIGN_STYLE = Automatic;
				DEVELOPMENT_TEAM = XBM4FSC3D9;
				INFOPLIST_FILE = FlixTests/Info.plist;
				IPHONEOS_DEPLOYMENT_TARGET = 14.5;
				LD_RUNPATH_SEARCH_PATHS = (
					"$(inherited)",
					"@executable_path/Frameworks",
					"@loader_path/Frameworks",
				);
				PRODUCT_BUNDLE_IDENTIFIER = rohanpurandare.FlixTests;
				PRODUCT_NAME = "$(TARGET_NAME)";
				SWIFT_VERSION = 5.0;
				TARGETED_DEVICE_FAMILY = "1,2";
				TEST_HOST = "$(BUILT_PRODUCTS_DIR)/Flix.app/Flix";
			};
			name = Debug;
		};
		3B07B4662798C5DB00DC6331 /* Release */ = {
			isa = XCBuildConfiguration;
			baseConfigurationReference = 06190CD5E03879BDAA4CA02D /* Pods-FlixTests.release.xcconfig */;
			buildSettings = {
				ALWAYS_EMBED_SWIFT_STANDARD_LIBRARIES = YES;
				BUNDLE_LOADER = "$(TEST_HOST)";
				CODE_SIGN_STYLE = Automatic;
				DEVELOPMENT_TEAM = XBM4FSC3D9;
				INFOPLIST_FILE = FlixTests/Info.plist;
				IPHONEOS_DEPLOYMENT_TARGET = 14.5;
				LD_RUNPATH_SEARCH_PATHS = (
					"$(inherited)",
					"@executable_path/Frameworks",
					"@loader_path/Frameworks",
				);
				PRODUCT_BUNDLE_IDENTIFIER = rohanpurandare.FlixTests;
				PRODUCT_NAME = "$(TARGET_NAME)";
				SWIFT_VERSION = 5.0;
				TARGETED_DEVICE_FAMILY = "1,2";
				TEST_HOST = "$(BUILT_PRODUCTS_DIR)/Flix.app/Flix";
			};
			name = Release;
		};
		3B07B4682798C5DB00DC6331 /* Debug */ = {
			isa = XCBuildConfiguration;
			baseConfigurationReference = 64556B3C3B038949AD53D9FC /* Pods-Flix-FlixUITests.debug.xcconfig */;
			buildSettings = {
				ALWAYS_EMBED_SWIFT_STANDARD_LIBRARIES = YES;
				CODE_SIGN_STYLE = Automatic;
				DEVELOPMENT_TEAM = XBM4FSC3D9;
				INFOPLIST_FILE = FlixUITests/Info.plist;
				LD_RUNPATH_SEARCH_PATHS = (
					"$(inherited)",
					"@executable_path/Frameworks",
					"@loader_path/Frameworks",
				);
				PRODUCT_BUNDLE_IDENTIFIER = rohanpurandare.FlixUITests;
				PRODUCT_NAME = "$(TARGET_NAME)";
				SWIFT_VERSION = 5.0;
				TARGETED_DEVICE_FAMILY = "1,2";
				TEST_TARGET_NAME = Flix;
			};
			name = Debug;
		};
		3B07B4692798C5DB00DC6331 /* Release */ = {
			isa = XCBuildConfiguration;
			baseConfigurationReference = 4BE6772B6EEAF75E199A8334 /* Pods-Flix-FlixUITests.release.xcconfig */;
			buildSettings = {
				ALWAYS_EMBED_SWIFT_STANDARD_LIBRARIES = YES;
				CODE_SIGN_STYLE = Automatic;
				DEVELOPMENT_TEAM = XBM4FSC3D9;
				INFOPLIST_FILE = FlixUITests/Info.plist;
				LD_RUNPATH_SEARCH_PATHS = (
					"$(inherited)",
					"@executable_path/Frameworks",
					"@loader_path/Frameworks",
				);
				PRODUCT_BUNDLE_IDENTIFIER = rohanpurandare.FlixUITests;
				PRODUCT_NAME = "$(TARGET_NAME)";
				SWIFT_VERSION = 5.0;
				TARGETED_DEVICE_FAMILY = "1,2";
				TEST_TARGET_NAME = Flix;
			};
			name = Release;
		};
/* End XCBuildConfiguration section */

/* Begin XCConfigurationList section */
		3B07B4322798C5D800DC6331 /* Build configuration list for PBXProject "Flix" */ = {
			isa = XCConfigurationList;
			buildConfigurations = (
				3B07B45F2798C5DB00DC6331 /* Debug */,
				3B07B4602798C5DB00DC6331 /* Release */,
			);
			defaultConfigurationIsVisible = 0;
			defaultConfigurationName = Release;
		};
		3B07B4612798C5DB00DC6331 /* Build configuration list for PBXNativeTarget "Flix" */ = {
			isa = XCConfigurationList;
			buildConfigurations = (
				3B07B4622798C5DB00DC6331 /* Debug */,
				3B07B4632798C5DB00DC6331 /* Release */,
			);
			defaultConfigurationIsVisible = 0;
			defaultConfigurationName = Release;
		};
		3B07B4642798C5DB00DC6331 /* Build configuration list for PBXNativeTarget "FlixTests" */ = {
			isa = XCConfigurationList;
			buildConfigurations = (
				3B07B4652798C5DB00DC6331 /* Debug */,
				3B07B4662798C5DB00DC6331 /* Release */,
			);
			defaultConfigurationIsVisible = 0;
			defaultConfigurationName = Release;
		};
		3B07B4672798C5DB00DC6331 /* Build configuration list for PBXNativeTarget "FlixUITests" */ = {
			isa = XCConfigurationList;
			buildConfigurations = (
				3B07B4682798C5DB00DC6331 /* Debug */,
				3B07B4692798C5DB00DC6331 /* Release */,
			);
			defaultConfigurationIsVisible = 0;
			defaultConfigurationName = Release;
		};
/* End XCConfigurationList section */

/* Begin XCRemoteSwiftPackageReference section */
		3B366F27279A2152007C3F5E /* XCRemoteSwiftPackageReference "AlamofireImage" */ = {
			isa = XCRemoteSwiftPackageReference;
			repositoryURL = "https://github.com/Alamofire/AlamofireImage";
			requirement = {
				kind = upToNextMajorVersion;
				minimumVersion = 4.2.0;
			};
		};
/* End XCRemoteSwiftPackageReference section */

/* Begin XCSwiftPackageProductDependency section */
		3B366F28279A2152007C3F5E /* AlamofireImage */ = {
			isa = XCSwiftPackageProductDependency;
			package = 3B366F27279A2152007C3F5E /* XCRemoteSwiftPackageReference "AlamofireImage" */;
			productName = AlamofireImage;
		};
/* End XCSwiftPackageProductDependency section */
	};
	rootObject = 3B07B42F2798C5D800DC6331 /* Project object */;
}
